<?xml version="1.0" encoding="utf-8"?>
<Project ToolsVersion="4.0" xmlns="http://schemas.microsoft.com/developer/msbuild/2003">
  <ItemGroup>
    <Filter Include="Source Files">
      <UniqueIdentifier>{4FC737F1-C7A5-4376-A066-2A32D752A2FF}</UniqueIdentifier>
      <Extensions>cpp;c;cc;cxx;def;odl;idl;hpj;bat;asm;asmx</Extensions>
    </Filter>
    <Filter Include="Header Files">
      <UniqueIdentifier>{93995380-89BD-4b04-88EB-625FBE52EBFB}</UniqueIdentifier>
      <Extensions>h;hh;hpp;hxx;hm;inl;inc;xsd</Extensions>
    </Filter>
    <Filter Include="Resource Files">
      <UniqueIdentifier>{67DA6AB6-F800-4c08-8B7A-83BB121AAD01}</UniqueIdentifier>
      <Extensions>rc;ico;cur;bmp;dlg;rc2;rct;bin;rgs;gif;jpg;jpeg;jpe;resx;tiff;tif;png;wav;mfcribbon-ms</Extensions>
    </Filter>
    <Filter Include="Source Files\dec">
      <UniqueIdentifier>{df08fe9f-7503-4bc9-b3d2-43467d571a49}</UniqueIdentifier>
    </Filter>
    <Filter Include="Header Files\dec">
      <UniqueIdentifier>{b52f31fa-dc25-456b-b328-6113fd4a267d}</UniqueIdentifier>
    </Filter>
    <Filter Include="Header Files\demux">
      <UniqueIdentifier>{99741452-3dcb-49f9-a1fc-65d39cdb41f5}</UniqueIdentifier>
    </Filter>
    <Filter Include="Header Files\dsp">
      <UniqueIdentifier>{37850ff9-13ed-4001-a135-a64651112a38}</UniqueIdentifier>
    </Filter>
    <Filter Include="Header Files\enc">
      <UniqueIdentifier>{53654deb-a62b-4351-8d56-c22ff03b0148}</UniqueIdentifier>
    </Filter>
    <Filter Include="Header Files\mux">
      <UniqueIdentifier>{ce91845c-dcb5-4090-aa98-098438702134}</UniqueIdentifier>
    </Filter>
    <Filter Include="Header Files\utils">
      <UniqueIdentifier>{9a4c3e68-1c81-4237-bfec-ff3ffb73de39}</UniqueIdentifier>
    </Filter>
    <Filter Include="Header Files\webp">
      <UniqueIdentifier>{77f62649-aa41-4118-bd78-db51b03613dd}</UniqueIdentifier>
    </Filter>
    <Filter Include="Source Files\demux">
      <UniqueIdentifier>{21828c08-806f-47de-b2d0-cce00d1f0c8d}</UniqueIdentifier>
    </Filter>
    <Filter Include="Source Files\dsp">
      <UniqueIdentifier>{0da00325-87cf-41b4-ae8b-e7c00f563d1b}</UniqueIdentifier>
    </Filter>
    <Filter Include="Source Files\enc">
      <UniqueIdentifier>{a4c14f5b-8312-4d49-87f8-c8cc32bf9d45}</UniqueIdentifier>
    </Filter>
    <Filter Include="Source Files\mux">
      <UniqueIdentifier>{8c841a5f-87ff-433a-b01b-2ccbda511c07}</UniqueIdentifier>
    </Filter>
    <Filter Include="Source Files\utils">
      <UniqueIdentifier>{af701266-7635-4e77-b662-6b73d611afc9}</UniqueIdentifier>
    </Filter>
    <Filter Include="Source Files\webp">
      <UniqueIdentifier>{60fa97bc-af12-408a-b872-7ab538577089}</UniqueIdentifier>
    </Filter>
  </ItemGroup>
  <ItemGroup>
    <ClCompile Include="..\src\dec\alpha_dec.c">
      <Filter>Source Files\dec</Filter>
    </ClCompile>
    <ClCompile Include="..\src\dec\buffer_dec.c">
      <Filter>Source Files\dec</Filter>
    </ClCompile>
    <ClCompile Include="..\src\dec\frame_dec.c">
      <Filter>Source Files\dec</Filter>
    </ClCompile>
    <ClCompile Include="..\src\dec\idec_dec.c">
      <Filter>Source Files\dec</Filter>
    </ClCompile>
    <ClCompile Include="..\src\dec\quant_dec.c">
      <Filter>Source Files\dec</Filter>
    </ClCompile>
    <ClCompile Include="..\src\dec\tree_dec.c">
      <Filter>Source Files\dec</Filter>
    </ClCompile>
    <ClCompile Include="..\src\dec\vp8_dec.c">
      <Filter>Source Files\dec</Filter>
    </ClCompile>
    <ClCompile Include="..\src\dec\vp8l_dec.c">
      <Filter>Source Files\dec</Filter>
    </ClCompile>
    <ClCompile Include="..\src\dec\webp_dec.c">
      <Filter>Source Files\dec</Filter>
    </ClCompile>
    <ClCompile Include="..\src\demux\anim_decode.c">
      <Filter>Source Files\demux</Filter>
    </ClCompile>
    <ClCompile Include="..\src\demux\demux.c">
      <Filter>Source Files\demux</Filter>
    </ClCompile>
    <ClCompile Include="..\src\dsp\alpha_processing.c">
      <Filter>Source Files\dsp</Filter>
    </ClCompile>
    <ClCompile Include="..\src\dsp\alpha_processing_sse2.c">
      <Filter>Source Files\dsp</Filter>
    </ClCompile>
    <ClCompile Include="..\src\dsp\alpha_processing_sse41.c">
      <Filter>Source Files\dsp</Filter>
    </ClCompile>
    <ClCompile Include="..\src\dsp\cost.c">
      <Filter>Source Files\dsp</Filter>
    </ClCompile>
    <ClCompile Include="..\src\dsp\cost_sse2.c">
      <Filter>Source Files\dsp</Filter>
    </ClCompile>
    <ClCompile Include="..\src\dsp\cpu.c">
      <Filter>Source Files\dsp</Filter>
    </ClCompile>
    <ClCompile Include="..\src\dsp\dec.c">
      <Filter>Source Files\dsp</Filter>
    </ClCompile>
    <ClCompile Include="..\src\dsp\dec_clip_tables.c">
      <Filter>Source Files\dsp</Filter>
    </ClCompile>
    <ClCompile Include="..\src\dsp\dec_sse2.c">
      <Filter>Source Files\dsp</Filter>
    </ClCompile>
    <ClCompile Include="..\src\dsp\dec_sse41.c">
      <Filter>Source Files\dsp</Filter>
    </ClCompile>
    <ClCompile Include="..\src\dsp\enc.c">
      <Filter>Source Files\dsp</Filter>
    </ClCompile>
    <ClCompile Include="..\src\dsp\enc_sse2.c">
      <Filter>Source Files\dsp</Filter>
    </ClCompile>
    <ClCompile Include="..\src\dsp\enc_sse41.c">
      <Filter>Source Files\dsp</Filter>
    </ClCompile>
    <ClCompile Include="..\src\dsp\filters.c">
      <Filter>Source Files\dsp</Filter>
    </ClCompile>
    <ClCompile Include="..\src\dsp\filters_sse2.c">
      <Filter>Source Files\dsp</Filter>
    </ClCompile>
    <ClCompile Include="..\src\dsp\lossless.c">
      <Filter>Source Files\dsp</Filter>
    </ClCompile>
    <ClCompile Include="..\src\dsp\lossless_enc.c">
      <Filter>Source Files\dsp</Filter>
    </ClCompile>
    <ClCompile Include="..\src\dsp\lossless_enc_sse2.c">
      <Filter>Source Files\dsp</Filter>
    </ClCompile>
    <ClCompile Include="..\src\dsp\lossless_enc_sse41.c">
      <Filter>Source Files\dsp</Filter>
    </ClCompile>
    <ClCompile Include="..\src\dsp\lossless_sse2.c">
      <Filter>Source Files\dsp</Filter>
    </ClCompile>
    <ClCompile Include="..\src\dsp\rescaler.c">
      <Filter>Source Files\dsp</Filter>
    </ClCompile>
    <ClCompile Include="..\src\dsp\rescaler_sse2.c">
      <Filter>Source Files\dsp</Filter>
    </ClCompile>
    <ClCompile Include="..\src\dsp\ssim.c">
      <Filter>Source Files\dsp</Filter>
    </ClCompile>
    <ClCompile Include="..\src\dsp\ssim_sse2.c">
      <Filter>Source Files\dsp</Filter>
    </ClCompile>
    <ClCompile Include="..\src\dsp\upsampling.c">
      <Filter>Source Files\dsp</Filter>
    </ClCompile>
    <ClCompile Include="..\src\dsp\upsampling_sse2.c">
      <Filter>Source Files\dsp</Filter>
    </ClCompile>
    <ClCompile Include="..\src\dsp\upsampling_sse41.c">
      <Filter>Source Files\dsp</Filter>
    </ClCompile>
    <ClCompile Include="..\src\dsp\yuv.c">
      <Filter>Source Files\dsp</Filter>
    </ClCompile>
    <ClCompile Include="..\src\dsp\yuv_sse2.c">
      <Filter>Source Files\dsp</Filter>
    </ClCompile>
    <ClCompile Include="..\src\dsp\yuv_sse41.c">
      <Filter>Source Files\dsp</Filter>
    </ClCompile>
    <ClCompile Include="..\src\enc\config_enc.c">
      <Filter>Source Files\enc</Filter>
    </ClCompile>
    <ClCompile Include="..\src\enc\cost_enc.c">
      <Filter>Source Files\enc</Filter>
    </ClCompile>
    <ClCompile Include="..\src\enc\backward_references_enc.c">
      <Filter>Source Files\enc</Filter>
    </ClCompile>
    <ClCompile Include="..\src\enc\backward_references_cost_enc.c">
      <Filter>Source Files\enc</Filter>
    </ClCompile>
    <ClCompile Include="..\src\enc\analysis_enc.c">
      <Filter>Source Files\enc</Filter>
    </ClCompile>
    <ClCompile Include="..\src\enc\alpha_enc.c">
      <Filter>Source Files\enc</Filter>
    </ClCompile>
    <ClCompile Include="..\src\enc\webp_enc.c">
      <Filter>Source Files\enc</Filter>
    </ClCompile>
    <ClCompile Include="..\src\enc\vp8l_enc.c">
      <Filter>Source Files\enc</Filter>
    </ClCompile>
    <ClCompile Include="..\src\enc\tree_enc.c">
      <Filter>Source Files\enc</Filter>
    </ClCompile>
    <ClCompile Include="..\src\enc\token_enc.c">
      <Filter>Source Files\enc</Filter>
    </ClCompile>
    <ClCompile Include="..\src\enc\syntax_enc.c">
      <Filter>Source Files\enc</Filter>
    </ClCompile>
    <ClCompile Include="..\src\enc\quant_enc.c">
      <Filter>Source Files\enc</Filter>
    </ClCompile>
    <ClCompile Include="..\src\enc\predictor_enc.c">
      <Filter>Source Files\enc</Filter>
    </ClCompile>
    <ClCompile Include="..\src\enc\picture_tools_enc.c">
      <Filter>Source Files\enc</Filter>
    </ClCompile>
    <ClCompile Include="..\src\enc\picture_rescale_enc.c">
      <Filter>Source Files\enc</Filter>
    </ClCompile>
    <ClCompile Include="..\src\enc\picture_psnr_enc.c">
      <Filter>Source Files\enc</Filter>
    </ClCompile>
    <ClCompile Include="..\src\enc\picture_enc.c">
      <Filter>Source Files\enc</Filter>
    </ClCompile>
    <ClCompile Include="..\src\enc\picture_csp_enc.c">
      <Filter>Source Files\enc</Filter>
    </ClCompile>
    <ClCompile Include="..\src\enc\near_lossless_enc.c">
      <Filter>Source Files\enc</Filter>
    </ClCompile>
    <ClCompile Include="..\src\enc\iterator_enc.c">
      <Filter>Source Files\enc</Filter>
    </ClCompile>
    <ClCompile Include="..\src\enc\histogram_enc.c">
      <Filter>Source Files\enc</Filter>
    </ClCompile>
    <ClCompile Include="..\src\enc\frame_enc.c">
      <Filter>Source Files\enc</Filter>
    </ClCompile>
    <ClCompile Include="..\src\enc\filter_enc.c">
      <Filter>Source Files\enc</Filter>
    </ClCompile>
    <ClCompile Include="..\src\mux\anim_encode.c">
      <Filter>Source Files\mux</Filter>
    </ClCompile>
    <ClCompile Include="..\src\mux\muxedit.c">
      <Filter>Source Files\mux</Filter>
    </ClCompile>
    <ClCompile Include="..\src\mux\muxinternal.c">
      <Filter>Source Files\mux</Filter>
    </ClCompile>
    <ClCompile Include="..\src\mux\muxread.c">
      <Filter>Source Files\mux</Filter>
    </ClCompile>
    <ClCompile Include="..\src\utils\utils.c">
      <Filter>Source Files\utils</Filter>
    </ClCompile>
    <ClCompile Include="..\src\utils\thread_utils.c">
      <Filter>Source Files\utils</Filter>
    </ClCompile>
    <ClCompile Include="..\src\utils\rescaler_utils.c">
      <Filter>Source Files\utils</Filter>
    </ClCompile>
    <ClCompile Include="..\src\utils\random_utils.c">
      <Filter>Source Files\utils</Filter>
    </ClCompile>
    <ClCompile Include="..\src\utils\quant_levels_utils.c">
      <Filter>Source Files\utils</Filter>
    </ClCompile>
    <ClCompile Include="..\src\utils\quant_levels_dec_utils.c">
      <Filter>Source Files\utils</Filter>
    </ClCompile>
    <ClCompile Include="..\src\utils\huffman_utils.c">
      <Filter>Source Files\utils</Filter>
    </ClCompile>
    <ClCompile Include="..\src\utils\huffman_encode_utils.c">
      <Filter>Source Files\utils</Filter>
    </ClCompile>
    <ClCompile Include="..\src\utils\filters_utils.c">
      <Filter>Source Files\utils</Filter>
    </ClCompile>
    <ClCompile Include="..\src\utils\color_cache_utils.c">
      <Filter>Source Files\utils</Filter>
    </ClCompile>
    <ClCompile Include="..\src\utils\bit_writer_utils.c">
      <Filter>Source Files\utils</Filter>
    </ClCompile>
    <ClCompile Include="..\src\utils\bit_reader_utils.c">
      <Filter>Source Files\utils</Filter>
    </ClCompile>
    <ClCompile Include="..\src\webp\webp_dll.cpp">
      <Filter>Source Files\webp</Filter>
    </ClCompile>
    <ClCompile Include="..\src\dec\io_dec.c">
      <Filter>Source Files\dec</Filter>
    </ClCompile>
  </ItemGroup>
  <ItemGroup>
    <ClInclude Include="..\src\dec\alphai_dec.h">
      <Filter>Header Files\dec</Filter>
    </ClInclude>
    <ClInclude Include="..\src\dec\common_dec.h">
      <Filter>Header Files\dec</Filter>
    </ClInclude>
    <ClInclude Include="..\src\dec\vp8_dec.h">
      <Filter>Header Files\dec</Filter>
    </ClInclude>
    <ClInclude Include="..\src\dec\vp8i_dec.h">
      <Filter>Header Files\dec</Filter>
    </ClInclude>
    <ClInclude Include="..\src\dec\vp8li_dec.h">
      <Filter>Header Files\dec</Filter>
    </ClInclude>
    <ClInclude Include="..\src\dec\webpi_dec.h">
      <Filter>Header Files\dec</Filter>
    </ClInclude>
    <ClInclude Include="..\src\dsp\common_sse2.h">
      <Filter>Header Files\dsp</Filter>
    </ClInclude>
    <ClInclude Include="..\src\dsp\dsp.h">
      <Filter>Header Files\dsp</Filter>
    </ClInclude>
    <ClInclude Include="..\src\dsp\lossless.h">
      <Filter>Header Files\dsp</Filter>
    </ClInclude>
    <ClInclude Include="..\src\dsp\lossless_common.h">
      <Filter>Header Files\dsp</Filter>
    </ClInclude>
    <ClInclude Include="..\src\dsp\mips_macro.h">
      <Filter>Header Files\dsp</Filter>
    </ClInclude>
    <ClInclude Include="..\src\dsp\msa_macro.h">
      <Filter>Header Files\dsp</Filter>
    </ClInclude>
    <ClInclude Include="..\src\dsp\neon.h">
      <Filter>Header Files\dsp</Filter>
    </ClInclude>
    <ClInclude Include="..\src\dsp\quant.h">
      <Filter>Header Files\dsp</Filter>
    </ClInclude>
    <ClInclude Include="..\src\dsp\yuv.h">
      <Filter>Header Files\dsp</Filter>
    </ClInclude>
    <ClInclude Include="..\src\enc\backward_references_enc.h">
      <Filter>Header Files\enc</Filter>
    </ClInclude>
    <ClInclude Include="..\src\enc\cost_enc.h">
      <Filter>Header Files\enc</Filter>
    </ClInclude>
    <ClInclude Include="..\src\enc\histogram_enc.h">
      <Filter>Header Files\enc</Filter>
    </ClInclude>
    <ClInclude Include="..\src\enc\vp8i_enc.h">
      <Filter>Header Files\enc</Filter>
    </ClInclude>
    <ClInclude Include="..\src\enc\vp8li_enc.h">
      <Filter>Header Files\enc</Filter>
    </ClInclude>
    <ClInclude Include="..\src\mux\animi.h">
      <Filter>Header Files\mux</Filter>
    </ClInclude>
    <ClInclude Include="..\src\mux\muxi.h">
      <Filter>Header Files\mux</Filter>
    </ClInclude>
    <ClInclude Include="..\src\utils\utils.h">
      <Filter>Header Files\utils</Filter>
    </ClInclude>
    <ClInclude Include="..\src\utils\thread_utils.h">
      <Filter>Header Files\utils</Filter>
    </ClInclude>
    <ClInclude Include="..\src\utils\rescaler_utils.h">
      <Filter>Header Files\utils</Filter>
    </ClInclude>
    <ClInclude Include="..\src\utils\random_utils.h">
      <Filter>Header Files\utils</Filter>
    </ClInclude>
    <ClInclude Include="..\src\utils\quant_levels_utils.h">
      <Filter>Header Files\utils</Filter>
    </ClInclude>
    <ClInclude Include="..\src\utils\quant_levels_dec_utils.h">
      <Filter>Header Files\utils</Filter>
    </ClInclude>
    <ClInclude Include="..\src\utils\huffman_utils.h">
      <Filter>Header Files\utils</Filter>
    </ClInclude>
    <ClInclude Include="..\src\utils\huffman_encode_utils.h">
      <Filter>Header Files\utils</Filter>
    </ClInclude>
    <ClInclude Include="..\src\utils\filters_utils.h">
      <Filter>Header Files\utils</Filter>
    </ClInclude>
    <ClInclude Include="..\src\utils\endian_inl_utils.h">
      <Filter>Header Files\utils</Filter>
    </ClInclude>
    <ClInclude Include="..\src\utils\color_cache_utils.h">
      <Filter>Header Files\utils</Filter>
    </ClInclude>
    <ClInclude Include="..\src\utils\bit_writer_utils.h">
      <Filter>Header Files\utils</Filter>
    </ClInclude>
    <ClInclude Include="..\src\utils\bit_reader_utils.h">
      <Filter>Header Files\utils</Filter>
    </ClInclude>
    <ClInclude Include="..\src\utils\bit_reader_inl_utils.h">
      <Filter>Header Files\utils</Filter>
    </ClInclude>
    <ClInclude Include="..\src\webp\decode.h">
      <Filter>Header Files\webp</Filter>
    </ClInclude>
    <ClInclude Include="..\src\webp\demux.h">
      <Filter>Header Files\webp</Filter>
    </ClInclude>
    <ClInclude Include="..\src\webp\encode.h">
      <Filter>Header Files\webp</Filter>
    </ClInclude>
    <ClInclude Include="..\src\webp\format_constants.h">
      <Filter>Header Files\webp</Filter>
    </ClInclude>
    <ClInclude Include="..\src\webp\mux.h">
      <Filter>Header Files\webp</Filter>
    </ClInclude>
    <ClInclude Include="..\src\webp\mux_types.h">
      <Filter>Header Files\webp</Filter>
    </ClInclude>
    <ClInclude Include="..\src\webp\types.h">
      <Filter>Header Files\webp</Filter>
    </ClInclude>
    <ClInclude Include="..\src\webp\webp_dll.h">
      <Filter>Header Files\webp</Filter>
    </ClInclude>
  </ItemGroup>
</Project>